
Microsoft Visual Studio Solution File, Format Version 12.00
# Visual Studio 15
VisualStudioVersion = 15.0.28307.960
MinimumVisualStudioVersion = 10.0.40219.1
Project("{FAE04EC0-301F-11D3-BF4B-00C04F79EFBC}") = "Kingfood.Android", "Kingfood\Kingfood.Android\Kingfood.Android.csproj", "{2F91EA31-18D8-481C-8A9A-FB0AEBBFDA26}"
EndProject
Project("{FAE04EC0-301F-11D3-BF4B-00C04F79EFBC}") = "Kingfood.iOS", "Kingfood\Kingfood.iOS\Kingfood.iOS.csproj", "{61ECDF3D-926B-43F8-9B16-9C2CF591C5A7}"
EndProject
Project("{FAE04EC0-301F-11D3-BF4B-00C04F79EFBC}") = "Kingfood", "Kingfood\Kingfood\Kingfood.csproj", "{A0BF369A-320C-4627-BF5D-1420B631DFAF}"
EndProject
Global
	GlobalSection(SolutionConfigurationPlatforms) = preSolution
		Ad-Hoc|Any CPU = Ad-Hoc|Any CPU
		Ad-Hoc|iPhone = Ad-Hoc|iPhone
		Ad-Hoc|iPhoneSimulator = Ad-Hoc|iPhoneSimulator
		AppStore|Any CPU = AppStore|Any CPU
		AppStore|iPhone = AppStore|iPhone
		AppStore|iPhoneSimulator = AppStore|iPhoneSimulator
		Debug|Any CPU = Debug|Any CPU
		Debug|iPhone = Debug|iPhone
		Debug|iPhoneSimulator = Debug|iPhoneSimulator
		Release|Any CPU = Release|Any CPU
		Release|iPhone = Release|iPhone
		Release|iPhoneSimulator = Release|iPhoneSimulator
	EndGlobalSection
	GlobalSection(ProjectConfigurationPlatforms) = postSolution
		{2F91EA31-18D8-481C-8A9A-FB0AEBBFDA26}.Ad-Hoc|Any CPU.ActiveCfg = Release|Any CPU
		{2F91EA31-18D8-481C-8A9A-FB0AEBBFDA26}.Ad-Hoc|Any CPU.Build.0 = Release|Any CPU
		{2F91EA31-18D8-481C-8A9A-FB0AEBBFDA26}.Ad-Hoc|Any CPU.Deploy.0 = Release|Any CPU
		{2F91EA31-18D8-481C-8A9A-FB0AEBBFDA26}.Ad-Hoc|iPhone.ActiveCfg = Release|Any CPU
		{2F91EA31-18D8-481C-8A9A-FB0AEBBFDA26}.Ad-Hoc|iPhone.Build.0 = Release|Any CPU
		{2F91EA31-18D8-481C-8A9A-FB0AEBBFDA26}.Ad-Hoc|iPhone.Deploy.0 = Release|Any CPU
		{2F91EA31-18D8-481C-8A9A-FB0AEBBFDA26}.Ad-Hoc|iPhoneSimulator.ActiveCfg = Release|Any CPU
		{2F91EA31-18D8-481C-8A9A-FB0AEBBFDA26}.Ad-Hoc|iPhoneSimulator.Build.0 = Release|Any CPU
		{2F91EA31-18D8-481C-8A9A-FB0AEBBFDA26}.Ad-Hoc|iPhoneSimulator.Deploy.0 = Release|Any CPU
		{2F91EA31-18D8-481C-8A9A-FB0AEBBFDA26}.AppStore|Any CPU.ActiveCfg = Release|Any CPU
		{2F91EA31-18D8-481C-8A9A-FB0AEBBFDA26}.AppStore|Any CPU.Build.0 = Release|Any CPU
		{2F91EA31-18D8-481C-8A9A-FB0AEBBFDA26}.AppStore|Any CPU.Deploy.0 = Release|Any CPU
		{2F91EA31-18D8-481C-8A9A-FB0AEBBFDA26}.AppStore|iPhone.ActiveCfg = Release|Any CPU
		{2F91EA31-18D8-481C-8A9A-FB0AEBBFDA26}.AppStore|iPhone.Build.0 = Release|Any CPU
		{2F91EA31-18D8-481C-8A9A-FB0AEBBFDA26}.AppStore|iPhone.Deploy.0 = Release|Any CPU
		{2F91EA31-18D8-481C-8A9A-FB0AEBBFDA26}.AppStore|iPhoneSimulator.ActiveCfg = Release|Any CPU
		{2F91EA31-18D8-481C-8A9A-FB0AEBBFDA26}.AppStore|iPhoneSimulator.Build.0 = Release|Any CPU
		{2F91EA31-18D8-481C-8A9A-FB0AEBBFDA26}.AppStore|iPhoneSimulator.Deploy.0 = Release|Any CPU
		{2F91EA31-18D8-481C-8A9A-FB0AEBBFDA26}.Debug|Any CPU.ActiveCfg = Debug|Any CPU
		{2F91EA31-18D8-481C-8A9A-FB0AEBBFDA26}.Debug|Any CPU.Build.0 = Debug|Any CPU
		{2F91EA31-18D8-481C-8A9A-FB0AEBBFDA26}.Debug|Any CPU.Deploy.0 = Debug|Any CPU
		{2F91EA31-18D8-481C-8A9A-FB0AEBBFDA26}.Debug|iPhone.ActiveCfg = Debug|Any CPU
		{2F91EA31-18D8-481C-8A9A-FB0AEBBFDA26}.Debug|iPhone.Build.0 = Debug|Any CPU
		{2F91EA31-18D8-481C-8A9A-FB0AEBBFDA26}.Debug|iPhone.Deploy.0 = Debug|Any CPU
		{2F91EA31-18D8-481C-8A9A-FB0AEBBFDA26}.Debug|iPhoneSimulator.ActiveCfg = Debug|Any CPU
		{2F91EA31-18D8-481C-8A9A-FB0AEBBFDA26}.Debug|iPhoneSimulator.Build.0 = Debug|Any CPU
		{2F91EA31-18D8-481C-8A9A-FB0AEBBFDA26}.Debug|iPhoneSimulator.Deploy.0 = Debug|Any CPU
		{2F91EA31-18D8-481C-8A9A-FB0AEBBFDA26}.Release|Any CPU.ActiveCfg = Release|Any CPU
		{2F91EA31-18D8-481C-8A9A-FB0AEBBFDA26}.Release|Any CPU.Build.0 = Release|Any CPU
		{2F91EA31-18D8-481C-8A9A-FB0AEBBFDA26}.Release|Any CPU.Deploy.0 = Release|Any CPU
		{2F91EA31-18D8-481C-8A9A-FB0AEBBFDA26}.Release|iPhone.ActiveCfg = Release|Any CPU
		{2F91EA31-18D8-481C-8A9A-FB0AEBBFDA26}.Release|iPhone.Build.0 = Release|Any CPU
		{2F91EA31-18D8-481C-8A9A-FB0AEBBFDA26}.Release|iPhone.Deploy.0 = Release|Any CPU
		{2F91EA31-18D8-481C-8A9A-FB0AEBBFDA26}.Release|iPhoneSimulator.ActiveCfg = Release|Any CPU
		{2F91EA31-18D8-481C-8A9A-FB0AEBBFDA26}.Release|iPhoneSimulator.Build.0 = Release|Any CPU
		{2F91EA31-18D8-481C-8A9A-FB0AEBBFDA26}.Release|iPhoneSimulator.Deploy.0 = Release|Any CPU
		{61ECDF3D-926B-43F8-9B16-9C2CF591C5A7}.Ad-Hoc|Any CPU.ActiveCfg = Ad-Hoc|iPhone
		{61ECDF3D-926B-43F8-9B16-9C2CF591C5A7}.Ad-Hoc|Any CPU.Build.0 = Ad-Hoc|iPhone
		{61ECDF3D-926B-43F8-9B16-9C2CF591C5A7}.Ad-Hoc|Any CPU.Deploy.0 = Ad-Hoc|iPhone
		{61ECDF3D-926B-43F8-9B16-9C2CF591C5A7}.Ad-Hoc|iPhone.ActiveCfg = Ad-Hoc|iPhone
		{61ECDF3D-926B-43F8-9B16-9C2CF591C5A7}.Ad-Hoc|iPhone.Build.0 = Ad-Hoc|iPhone
		{61ECDF3D-926B-43F8-9B16-9C2CF591C5A7}.Ad-Hoc|iPhone.Deploy.0 = Ad-Hoc|iPhone
		{61ECDF3D-926B-43F8-9B16-9C2CF591C5A7}.Ad-Hoc|iPhoneSimulator.ActiveCfg = Ad-Hoc|iPhoneSimulator
		{61ECDF3D-926B-43F8-9B16-9C2CF591C5A7}.Ad-Hoc|iPhoneSimulator.Build.0 = Ad-Hoc|iPhoneSimulator
		{61ECDF3D-926B-43F8-9B16-9C2CF591C5A7}.Ad-Hoc|iPhoneSimulator.Deploy.0 = Ad-Hoc|iPhoneSimulator
		{61ECDF3D-926B-43F8-9B16-9C2CF591C5A7}.AppStore|Any CPU.ActiveCfg = AppStore|iPhone
		{61ECDF3D-926B-43F8-9B16-9C2CF591C5A7}.AppStore|Any CPU.Build.0 = AppStore|iPhone
		{61ECDF3D-926B-43F8-9B16-9C2CF591C5A7}.AppStore|Any CPU.Deploy.0 = AppStore|iPhone
		{61ECDF3D-926B-43F8-9B16-9C2CF591C5A7}.AppStore|iPhone.ActiveCfg = AppStore|iPhone
		{61ECDF3D-926B-43F8-9B16-9C2CF591C5A7}.AppStore|iPhone.Build.0 = AppStore|iPhone
		{61ECDF3D-926B-43F8-9B16-9C2CF591C5A7}.AppStore|iPhone.Deploy.0 = AppStore|iPhone
		{61ECDF3D-926B-43F8-9B16-9C2CF591C5A7}.AppStore|iPhoneSimulator.ActiveCfg = AppStore|iPhoneSimulator
		{61ECDF3D-926B-43F8-9B16-9C2CF591C5A7}.AppStore|iPhoneSimulator.Build.0 = AppStore|iPhoneSimulator
		{61ECDF3D-926B-43F8-9B16-9C2CF591C5A7}.AppStore|iPhoneSimulator.Deploy.0 = AppStore|iPhoneSimulator
		{61ECDF3D-926B-43F8-9B16-9C2CF591C5A7}.Debug|Any CPU.ActiveCfg = Debug|iPhoneSimulator
		{61ECDF3D-926B-43F8-9B16-9C2CF591C5A7}.Debug|Any CPU.Deploy.0 = Debug|iPhoneSimulator
		{61ECDF3D-926B-43F8-9B16-9C2CF591C5A7}.Debug|iPhone.ActiveCfg = Debug|iPhone
		{61ECDF3D-926B-43F8-9B16-9C2CF591C5A7}.Debug|iPhone.Build.0 = Debug|iPhone
		{61ECDF3D-926B-43F8-9B16-9C2CF591C5A7}.Debug|iPhone.Deploy.0 = Debug|iPhone
		{61ECDF3D-926B-43F8-9B16-9C2CF591C5A7}.Debug|iPhoneSimulator.ActiveCfg = Debug|iPhoneSimulator
		{61ECDF3D-926B-43F8-9B16-9C2CF591C5A7}.Debug|iPhoneSimulator.Build.0 = Debug|iPhoneSimulator
		{61ECDF3D-926B-43F8-9B16-9C2CF591C5A7}.Debug|iPhoneSimulator.Deploy.0 = Debug|iPhoneSimulator
		{61ECDF3D-926B-43F8-9B16-9C2CF591C5A7}.Release|Any CPU.ActiveCfg = Release|iPhone
		{61ECDF3D-926B-43F8-9B16-9C2CF591C5A7}.Release|Any CPU.Build.0 = Release|iPhone
		{61ECDF3D-926B-43F8-9B16-9C2CF591C5A7}.Release|Any CPU.Deploy.0 = Release|iPhone
		{61ECDF3D-926B-43F8-9B16-9C2CF591C5A7}.Release|iPhone.ActiveCfg = Release|iPhone
		{61ECDF3D-926B-43F8-9B16-9C2CF591C5A7}.Release|iPhone.Build.0 = Release|iPhone
		{61ECDF3D-926B-43F8-9B16-9C2CF591C5A7}.Release|iPhone.Deploy.0 = Release|iPhone
		{61ECDF3D-926B-43F8-9B16-9C2CF591C5A7}.Release|iPhoneSimulator.ActiveCfg = Release|iPhoneSimulator
		{61ECDF3D-926B-43F8-9B16-9C2CF591C5A7}.Release|iPhoneSimulator.Build.0 = Release|iPhoneSimulator
		{61ECDF3D-926B-43F8-9B16-9C2CF591C5A7}.Release|iPhoneSimulator.Deploy.0 = Release|iPhoneSimulator
		{A0BF369A-320C-4627-BF5D-1420B631DFAF}.Ad-Hoc|Any CPU.ActiveCfg = Debug|Any CPU
		{A0BF369A-320C-4627-BF5D-1420B631DFAF}.Ad-Hoc|Any CPU.Build.0 = Debug|Any CPU
		{A0BF369A-320C-4627-BF5D-1420B631DFAF}.Ad-Hoc|Any CPU.Deploy.0 = Debug|Any CPU
		{A0BF369A-320C-4627-BF5D-1420B631DFAF}.Ad-Hoc|iPhone.ActiveCfg = Debug|Any CPU
		{A0BF369A-320C-4627-BF5D-1420B631DFAF}.Ad-Hoc|iPhone.Build.0 = Debug|Any CPU
		{A0BF369A-320C-4627-BF5D-1420B631DFAF}.Ad-Hoc|iPhone.Deploy.0 = Debug|Any CPU
		{A0BF369A-320C-4627-BF5D-1420B631DFAF}.Ad-Hoc|iPhoneSimulator.ActiveCfg = Debug|Any CPU
		{A0BF369A-320C-4627-BF5D-1420B631DFAF}.Ad-Hoc|iPhoneSimulator.Build.0 = Debug|Any CPU
		{A0BF369A-320C-4627-BF5D-1420B631DFAF}.Ad-Hoc|iPhoneSimulator.Deploy.0 = Debug|Any CPU
		{A0BF369A-320C-4627-BF5D-1420B631DFAF}.AppStore|Any CPU.ActiveCfg = Debug|Any CPU
		{A0BF369A-320C-4627-BF5D-1420B631DFAF}.AppStore|Any CPU.Build.0 = Debug|Any CPU
		{A0BF369A-320C-4627-BF5D-1420B631DFAF}.AppStore|Any CPU.Deploy.0 = Debug|Any CPU
		{A0BF369A-320C-4627-BF5D-1420B631DFAF}.AppStore|iPhone.ActiveCfg = Debug|Any CPU
		{A0BF369A-320C-4627-BF5D-1420B631DFAF}.AppStore|iPhone.Build.0 = Debug|Any CPU
		{A0BF369A-320C-4627-BF5D-1420B631DFAF}.AppStore|iPhone.Deploy.0 = Debug|Any CPU
		{A0BF369A-320C-4627-BF5D-1420B631DFAF}.AppStore|iPhoneSimulator.ActiveCfg = Debug|Any CPU
		{A0BF369A-320C-4627-BF5D-1420B631DFAF}.AppStore|iPhoneSimulator.Build.0 = Debug|Any CPU
		{A0BF369A-320C-4627-BF5D-1420B631DFAF}.AppStore|iPhoneSimulator.Deploy.0 = Debug|Any CPU
		{A0BF369A-320C-4627-BF5D-1420B631DFAF}.Debug|Any CPU.ActiveCfg = Debug|Any CPU
		{A0BF369A-320C-4627-BF5D-1420B631DFAF}.Debug|Any CPU.Build.0 = Debug|Any CPU
		{A0BF369A-320C-4627-BF5D-1420B631DFAF}.Debug|Any CPU.Deploy.0 = Debug|Any CPU
		{A0BF369A-320C-4627-BF5D-1420B631DFAF}.Debug|iPhone.ActiveCfg = Debug|Any CPU
		{A0BF369A-320C-4627-BF5D-1420B631DFAF}.Debug|iPhone.Build.0 = Debug|Any CPU
		{A0BF369A-320C-4627-BF5D-1420B631DFAF}.Debug|iPhone.Deploy.0 = Debug|Any CPU
		{A0BF369A-320C-4627-BF5D-1420B631DFAF}.Debug|iPhoneSimulator.ActiveCfg = Debug|Any CPU
		{A0BF369A-320C-4627-BF5D-1420B631DFAF}.Debug|iPhoneSimulator.Build.0 = Debug|Any CPU
		{A0BF369A-320C-4627-BF5D-1420B631DFAF}.Debug|iPhoneSimulator.Deploy.0 = Debug|Any CPU
		{A0BF369A-320C-4627-BF5D-1420B631DFAF}.Release|Any CPU.ActiveCfg = Release|Any CPU
		{A0BF369A-320C-4627-BF5D-1420B631DFAF}.Release|Any CPU.Build.0 = Release|Any CPU
		{A0BF369A-320C-4627-BF5D-1420B631DFAF}.Release|Any CPU.Deploy.0 = Release|Any CPU
		{A0BF369A-320C-4627-BF5D-1420B631DFAF}.Release|iPhone.ActiveCfg = Release|Any CPU
		{A0BF369A-320C-4627-BF5D-1420B631DFAF}.Release|iPhone.Build.0 = Release|Any CPU
		{A0BF369A-320C-4627-BF5D-1420B631DFAF}.Release|iPhone.Deploy.0 = Release|Any CPU
		{A0BF369A-320C-4627-BF5D-1420B631DFAF}.Release|iPhoneSimulator.ActiveCfg = Release|Any CPU
		{A0BF369A-320C-4627-BF5D-1420B631DFAF}.Release|iPhoneSimulator.Build.0 = Release|Any CPU
		{A0BF369A-320C-4627-BF5D-1420B631DFAF}.Release|iPhoneSimulator.Deploy.0 = Release|Any CPU
	EndGlobalSection
	GlobalSection(SolutionProperties) = preSolution
		HideSolutionNode = FALSE
	EndGlobalSection
	GlobalSection(ExtensibilityGlobals) = postSolution
		SolutionGuid = {CEE27A2B-061E-4601-9001-A92EEC683D7C}
	EndGlobalSection
EndGlobal
